
Microsoft Visual Studio Solution File, Format Version 12.00
# Visual Studio Version 16
VisualStudioVersion = 16.0.29403.142
MinimumVisualStudioVersion = 10.0.40219.1
Project("{9A19103F-16F7-4668-BE54-9A1E7A4F7556}") = "JobsPortal.API", "JobsPortal.API\JobsPortal.API.csproj", "{8A1D5FE4-432A-4D4D-A3B7-95D4D0022C20}"
EndProject
Project("{9A19103F-16F7-4668-BE54-9A1E7A4F7556}") = "JobsPortal.DBContext", "JobsPortal.DBContext\JobsPortal.DBContext.csproj", "{DF94CDB8-8DCA-4119-AA4C-F237B5ECC068}"
EndProject
Global
	GlobalSection(SolutionConfigurationPlatforms) = preSolution
		Debug|Any CPU = Debug|Any CPU
		Release|Any CPU = Release|Any CPU
	EndGlobalSection
	GlobalSection(ProjectConfigurationPlatforms) = postSolution
		{8A1D5FE4-432A-4D4D-A3B7-95D4D0022C20}.Debug|Any CPU.ActiveCfg = Debug|Any CPU
		{8A1D5FE4-432A-4D4D-A3B7-95D4D0022C20}.Debug|Any CPU.Build.0 = Debug|Any CPU
		{8A1D5FE4-432A-4D4D-A3B7-95D4D0022C20}.Release|Any CPU.ActiveCfg = Release|Any CPU
		{8A1D5FE4-432A-4D4D-A3B7-95D4D0022C20}.Release|Any CPU.Build.0 = Release|Any CPU
		{DF94CDB8-8DCA-4119-AA4C-F237B5ECC068}.Debug|Any CPU.ActiveCfg = Debug|Any CPU
		{DF94CDB8-8DCA-4119-AA4C-F237B5ECC068}.Debug|Any CPU.Build.0 = Debug|Any CPU
		{DF94CDB8-8DCA-4119-AA4C-F237B5ECC068}.Release|Any CPU.ActiveCfg = Release|Any CPU
		{DF94CDB8-8DCA-4119-AA4C-F237B5ECC068}.Release|Any CPU.Build.0 = Release|Any CPU
	EndGlobalSection
	GlobalSection(SolutionProperties) = preSolution
		HideSolutionNode = FALSE
	EndGlobalSection
	GlobalSection(ExtensibilityGlobals) = postSolution
		SolutionGuid = {E2F4B385-93AF-4C25-8462-5DBD3D31546D}
	EndGlobalSection
EndGlobal
